
Microsoft Visual Studio Solution File, Format Version 12.00
# Visual Studio Version 17
VisualStudioVersion = 17.6.33829.357
MinimumVisualStudioVersion = 10.0.40219.1
Project("{FAE04EC0-301F-11D3-BF4B-00C04F79EFBC}") = "DaboardProj", "DaboardProj\DaboardProj.csproj", "{8944DE16-428D-4674-98F6-8D25F6565D02}"
EndProject
Global
	GlobalSection(SolutionConfigurationPlatforms) = preSolution
		Debug|Any CPU = Debug|Any CPU
		Release|Any CPU = Release|Any CPU
	EndGlobalSection
	GlobalSection(ProjectConfigurationPlatforms) = postSolution
		{8944DE16-428D-4674-98F6-8D25F6565D02}.Debug|Any CPU.ActiveCfg = Debug|Any CPU
		{8944DE16-428D-4674-98F6-8D25F6565D02}.Debug|Any CPU.Build.0 = Debug|Any CPU
		{8944DE16-428D-4674-98F6-8D25F6565D02}.Release|Any CPU.ActiveCfg = Release|Any CPU
		{8944DE16-428D-4674-98F6-8D25F6565D02}.Release|Any CPU.Build.0 = Release|Any CPU
	EndGlobalSection
	GlobalSection(SolutionProperties) = preSolution
		HideSolutionNode = FALSE
	EndGlobalSection
	GlobalSection(ExtensibilityGlobals) = postSolution
		SolutionGuid = {152FF394-451B-4FFE-9A65-ED358CAB14A4}
	EndGlobalSection
EndGlobal
